<?xml version="1.0" encoding="utf-8"?>
<Project ToolsVersion="4.0" xmlns="http://schemas.microsoft.com/developer/msbuild/2003">
  <ItemGroup>
    <Filter Include="Файлы исходного кода">
      <UniqueIdentifier>{4FC737F1-C7A5-4376-A066-2A32D752A2FF}</UniqueIdentifier>
      <Extensions>cpp;c;cc;cxx;def;odl;idl;hpj;bat;asm;asmx</Extensions>
    </Filter>
    <Filter Include="Заголовочные файлы">
      <UniqueIdentifier>{93995380-89BD-4b04-88EB-625FBE52EBFB}</UniqueIdentifier>
      <Extensions>h;hh;hpp;hxx;hm;inl;inc;xsd</Extensions>
    </Filter>
    <Filter Include="Файлы ресурсов">
      <UniqueIdentifier>{67DA6AB6-F800-4c08-8B7A-83BB121AAD01}</UniqueIdentifier>
      <Extensions>rc;ico;cur;bmp;dlg;rc2;rct;bin;rgs;gif;jpg;jpeg;jpe;resx;tiff;tif;png;wav;mfcribbon-ms</Extensions>
    </Filter>
    <Filter Include="Заголовочные файлы\Core">
      <UniqueIdentifier>{f7652e8e-9099-48c5-9130-135cdd7d03c5}</UniqueIdentifier>
    </Filter>
    <Filter Include="Файлы исходного кода\Core">
      <UniqueIdentifier>{2e07090a-d627-41c0-b27a-8a9bbf3a8201}</UniqueIdentifier>
    </Filter>
    <Filter Include="Заголовочные файлы\Shader">
      <UniqueIdentifier>{5df41e0c-de84-412d-90ff-dee04f7e7f6b}</UniqueIdentifier>
    </Filter>
    <Filter Include="Файлы исходного кода\Shader">
      <UniqueIdentifier>{4320c252-77d5-4eb8-af98-a912ed81e5e1}</UniqueIdentifier>
    </Filter>
    <Filter Include="Файлы исходного кода\Graphics">
      <UniqueIdentifier>{4a701dda-86d5-4b0a-b7c6-151c8b091ee7}</UniqueIdentifier>
    </Filter>
    <Filter Include="Заголовочные файлы\Graphics">
      <UniqueIdentifier>{824fb7a6-c963-4688-b05d-746b60cdf822}</UniqueIdentifier>
    </Filter>
    <Filter Include="Заголовочные файлы\Loader">
      <UniqueIdentifier>{ce71bf86-3da5-4c0f-802c-1c43960f9cd2}</UniqueIdentifier>
    </Filter>
    <Filter Include="Файлы исходного кода\Loader">
      <UniqueIdentifier>{9a7d7c4d-7f02-4307-9dfa-522a5e2229b8}</UniqueIdentifier>
    </Filter>
    <Filter Include="Заголовочные файлы\Registry">
      <UniqueIdentifier>{3c8b161b-879f-4ff6-8d5c-851c83668c8e}</UniqueIdentifier>
    </Filter>
    <Filter Include="Файлы исходного кода\Registry">
      <UniqueIdentifier>{03dfc836-0ba6-421f-991d-e02a7366b2da}</UniqueIdentifier>
    </Filter>
    <Filter Include="Заголовочные файлы\Gui">
      <UniqueIdentifier>{371b3f73-4437-4bd8-aaad-80d9d86fac3b}</UniqueIdentifier>
    </Filter>
    <Filter Include="Заголовочные файлы\Gui\Screen">
      <UniqueIdentifier>{fc1165ba-311a-44b2-a300-a96edc776a28}</UniqueIdentifier>
    </Filter>
    <Filter Include="Заголовочные файлы\Gui\Widget">
      <UniqueIdentifier>{ae85c6c2-3f29-4690-82bc-d5b89781becd}</UniqueIdentifier>
    </Filter>
    <Filter Include="Файлы исходного кода\Gui">
      <UniqueIdentifier>{e7e4e7e2-efcd-451d-8f2d-1e482a6eabaa}</UniqueIdentifier>
    </Filter>
    <Filter Include="Файлы исходного кода\Gui\Widget">
      <UniqueIdentifier>{154c1beb-573c-4e74-b0a6-9a8fe0b9657b}</UniqueIdentifier>
    </Filter>
    <Filter Include="Файлы исходного кода\Gui\Screen">
      <UniqueIdentifier>{4d86bc8e-6354-4fd7-a71b-1cbd2a59aa5e}</UniqueIdentifier>
    </Filter>
    <Filter Include="Файлы исходного кода\Util">
      <UniqueIdentifier>{f2927e5c-2019-4452-8235-7f8e887d37dd}</UniqueIdentifier>
    </Filter>
    <Filter Include="Заголовочные файлы\Util">
      <UniqueIdentifier>{625c87f7-27c4-4bc9-b8c8-0f79054bdc21}</UniqueIdentifier>
    </Filter>
    <Filter Include="Файлы исходного кода\Net">
      <UniqueIdentifier>{3da84f81-0ed2-4e03-b22c-3e85cd5156c1}</UniqueIdentifier>
    </Filter>
    <Filter Include="Заголовочные файлы\Net">
      <UniqueIdentifier>{8d728da4-0d0d-43e3-b59e-9ac7633b8415}</UniqueIdentifier>
    </Filter>
    <Filter Include="Файлы исходного кода\Gui\Animation">
      <UniqueIdentifier>{cf84d133-1171-43d7-bd3b-e41bd3dbdd16}</UniqueIdentifier>
    </Filter>
    <Filter Include="Заголовочные файлы\Gui\Animation">
      <UniqueIdentifier>{0b3a9462-a845-42ee-a9f5-21a19387b3c9}</UniqueIdentifier>
    </Filter>
    <Filter Include="Заголовочные файлы\Net\Packet">
      <UniqueIdentifier>{e5c2effd-fdd7-42bc-bf35-da9d0f410921}</UniqueIdentifier>
    </Filter>
    <Filter Include="Заголовочные файлы\Exception">
      <UniqueIdentifier>{c4d336e9-f9bd-4527-9fad-86b26efee81d}</UniqueIdentifier>
    </Filter>
    <Filter Include="Файлы исходного кода\Core\Entity">
      <UniqueIdentifier>{75780a8c-eb17-41b4-b564-bec8f85151c6}</UniqueIdentifier>
    </Filter>
    <Filter Include="Файлы исходного кода\Net\Packet">
      <UniqueIdentifier>{62c31c3b-f31c-417e-a393-b0a272f8fb45}</UniqueIdentifier>
    </Filter>
    <Filter Include="Заголовочные файлы\Core\Command">
      <UniqueIdentifier>{2aeca342-03e2-44c1-9a64-43dda8eab7f0}</UniqueIdentifier>
    </Filter>
    <Filter Include="Файлы исходного кода\Core\Command">
      <UniqueIdentifier>{8966bdbb-6a98-4ca3-8ae2-44c3d0da5a31}</UniqueIdentifier>
    </Filter>
    <Filter Include="Заголовочные файлы\Gui\Window">
      <UniqueIdentifier>{6c89f011-db09-4dd7-a859-c6a381cf8a0c}</UniqueIdentifier>
    </Filter>
    <Filter Include="Файлы исходного кода\Gui\Window">
      <UniqueIdentifier>{500d682e-00f3-4394-9532-1e227db33f1b}</UniqueIdentifier>
    </Filter>
    <Filter Include="Заголовочные файлы\Core\Block">
      <UniqueIdentifier>{4f21484e-d0a1-4ee2-90f6-77b6933c3ce7}</UniqueIdentifier>
    </Filter>
    <Filter Include="Файлы исходного кода\Core\Block">
      <UniqueIdentifier>{e7d7dbcf-ec10-4b9a-aeb3-8296e3a87d98}</UniqueIdentifier>
    </Filter>
    <Filter Include="Заголовочные файлы\Core\Entity">
      <UniqueIdentifier>{a0856dac-4bfa-4f4b-ba46-e4a4b026165f}</UniqueIdentifier>
    </Filter>
    <Filter Include="Заголовочные файлы\Python">
      <UniqueIdentifier>{f537c813-7991-4b18-bdfd-7a020c8668fa}</UniqueIdentifier>
    </Filter>
    <Filter Include="Файлы исходного кода\Python">
      <UniqueIdentifier>{f4fe469c-1266-4d96-8028-92eb03ac52f6}</UniqueIdentifier>
    </Filter>
    <Filter Include="Заголовочные файлы\Core\Item">
      <UniqueIdentifier>{e35cc3b0-7dfa-4cc8-ba34-b69facbfb885}</UniqueIdentifier>
    </Filter>
    <Filter Include="Файлы исходного кода\Core\Item">
      <UniqueIdentifier>{e444ed4b-a51f-4210-a718-fea39e8e9469}</UniqueIdentifier>
    </Filter>
  </ItemGroup>
  <ItemGroup>
    <ClCompile Include="GameEngine.cpp">
      <Filter>Файлы исходного кода\Core</Filter>
    </ClCompile>
    <ClCompile Include="Logger.cpp">
      <Filter>Файлы исходного кода\Core</Filter>
    </ClCompile>
    <ClCompile Include="Shader.cpp">
      <Filter>Файлы исходного кода\Shader</Filter>
    </ClCompile>
    <ClCompile Include="GameRenderer.cpp">
      <Filter>Файлы исходного кода\Graphics</Filter>
    </ClCompile>
    <ClCompile Include="Model.cpp">
      <Filter>Файлы исходного кода\Core</Filter>
    </ClCompile>
    <ClCompile Include="Models.cpp">
      <Filter>Файлы исходного кода\Graphics</Filter>
    </ClCompile>
    <ClCompile Include="ImageLoader.cpp">
      <Filter>Файлы исходного кода\Loader</Filter>
    </ClCompile>
    <ClCompile Include="TextureManager.cpp">
      <Filter>Файлы исходного кода\Core</Filter>
    </ClCompile>
    <ClCompile Include="Res.cpp">
      <Filter>Файлы исходного кода\Core</Filter>
    </ClCompile>
    <ClCompile Include="FontRegistry.cpp">
      <Filter>Файлы исходного кода\Registry</Filter>
    </ClCompile>
    <ClCompile Include="Framebuffer.cpp">
      <Filter>Файлы исходного кода\Core</Filter>
    </ClCompile>
    <ClCompile Include="SecFramebuffer.cpp">
      <Filter>Файлы исходного кода\Core</Filter>
    </ClCompile>
    <ClCompile Include="GuiButton.cpp">
      <Filter>Файлы исходного кода\Gui\Widget</Filter>
    </ClCompile>
    <ClCompile Include="GuiScreen.cpp">
      <Filter>Файлы исходного кода\Gui\Screen</Filter>
    </ClCompile>
    <ClCompile Include="GuiScreenMainMenu.cpp">
      <Filter>Файлы исходного кода\Gui\Screen</Filter>
    </ClCompile>
    <ClCompile Include="GuiSeekBar.cpp">
      <Filter>Файлы исходного кода\Gui\Widget</Filter>
    </ClCompile>
    <ClCompile Include="File.cpp">
      <Filter>Файлы исходного кода\Util</Filter>
    </ClCompile>
    <ClCompile Include="Dir.cpp">
      <Filter>Файлы исходного кода\Util</Filter>
    </ClCompile>
    <ClCompile Include="Config.cpp">
      <Filter>Файлы исходного кода\Core</Filter>
    </ClCompile>
    <ClCompile Include="AdvancedModel.cpp">
      <Filter>Файлы исходного кода\Core</Filter>
    </ClCompile>
    <ClCompile Include="Material.cpp">
      <Filter>Файлы исходного кода\Core</Filter>
    </ClCompile>
    <ClCompile Include="LightSource.cpp">
      <Filter>Файлы исходного кода\Core</Filter>
    </ClCompile>
    <ClCompile Include="Camera.cpp">
      <Filter>Файлы исходного кода\Core</Filter>
    </ClCompile>
    <ClCompile Include="Socket.cpp">
      <Filter>Файлы исходного кода\Net</Filter>
    </ClCompile>
    <ClCompile Include="Parsing.cpp">
      <Filter>Файлы исходного кода\Util</Filter>
    </ClCompile>
    <ClCompile Include="SkinManager.cpp">
      <Filter>Файлы исходного кода\Util</Filter>
    </ClCompile>
    <ClCompile Include="ThreadPool.cpp">
      <Filter>Файлы исходного кода\Util</Filter>
    </ClCompile>
    <ClCompile Include="Keyboard.cpp">
      <Filter>Файлы исходного кода\Util</Filter>
    </ClCompile>
    <ClCompile Include="GuiList.cpp">
      <Filter>Файлы исходного кода\Gui\Widget</Filter>
    </ClCompile>
    <ClCompile Include="GuiTabButton.cpp">
      <Filter>Файлы исходного кода\Gui\Widget</Filter>
    </ClCompile>
    <ClCompile Include="GuiContainer.cpp">
      <Filter>Файлы исходного кода\Gui</Filter>
    </ClCompile>
    <ClCompile Include="Gui.cpp">
      <Filter>Файлы исходного кода\Gui</Filter>
    </ClCompile>
    <ClCompile Include="GuiScreenDialog.cpp">
      <Filter>Файлы исходного кода\Gui\Screen</Filter>
    </ClCompile>
    <ClCompile Include="Animation.cpp">
      <Filter>Файлы исходного кода\Gui\Animation</Filter>
    </ClCompile>
    <ClCompile Include="MaskFramebuffer.cpp">
      <Filter>Файлы исходного кода\Core</Filter>
    </ClCompile>
    <ClCompile Include="GuiScreenSettings.cpp">
      <Filter>Файлы исходного кода\Gui\Screen</Filter>
    </ClCompile>
    <ClCompile Include="GuiSwitch.cpp">
      <Filter>Файлы исходного кода\Gui\Widget</Filter>
    </ClCompile>
    <ClCompile Include="GuiTextField.cpp">
      <Filter>Файлы исходного кода\Gui\Widget</Filter>
    </ClCompile>
    <ClCompile Include="Clipboard.cpp">
      <Filter>Файлы исходного кода\Util</Filter>
    </ClCompile>
    <ClCompile Include="GuiScreenMessageDialog.cpp">
      <Filter>Файлы исходного кода\Gui\Screen</Filter>
    </ClCompile>
    <ClCompile Include="Utils.cpp">
      <Filter>Файлы исходного кода\Util</Filter>
    </ClCompile>
    <ClCompile Include="BlurShader.cpp">
      <Filter>Файлы исходного кода\Shader</Filter>
    </ClCompile>
    <ClCompile Include="GameProfile.cpp">
      <Filter>Файлы исходного кода\Core</Filter>
    </ClCompile>
    <ClCompile Include="PacketRegistry.cpp">
      <Filter>Файлы исходного кода\Registry</Filter>
    </ClCompile>
    <ClCompile Include="ModelRegistry.cpp">
      <Filter>Файлы исходного кода\Registry</Filter>
    </ClCompile>
    <ClCompile Include="MaterialRegistry.cpp">
      <Filter>Файлы исходного кода\Registry</Filter>
    </ClCompile>
    <ClCompile Include="Entity.cpp">
      <Filter>Файлы исходного кода\Core\Entity</Filter>
    </ClCompile>
    <ClCompile Include="World.cpp">
      <Filter>Файлы исходного кода\Core</Filter>
    </ClCompile>
    <ClCompile Include="ByteBuffer.cpp">
      <Filter>Файлы исходного кода\Util</Filter>
    </ClCompile>
    <ClCompile Include="NetPlayerHandler.cpp">
      <Filter>Файлы исходного кода\Core</Filter>
    </ClCompile>
    <ClCompile Include="SoundManager.cpp">
      <Filter>Файлы исходного кода\Core</Filter>
    </ClCompile>
    <ClCompile Include="Command.cpp">
      <Filter>Файлы исходного кода\Core\Command</Filter>
    </ClCompile>
    <ClCompile Include="CommandList.cpp">
      <Filter>Файлы исходного кода\Core\Command</Filter>
    </ClCompile>
    <ClCompile Include="ConsoleCommandSender.cpp">
      <Filter>Файлы исходного кода\Core\Command</Filter>
    </ClCompile>
    <ClCompile Include="CommandRegistry.cpp">
      <Filter>Файлы исходного кода\Registry</Filter>
    </ClCompile>
    <ClCompile Include="OS.cpp">
      <Filter>Файлы исходного кода\Util</Filter>
    </ClCompile>
    <ClCompile Include="CommandStop.cpp">
      <Filter>Файлы исходного кода\Core\Command</Filter>
    </ClCompile>
    <ClCompile Include="GuiWindow.cpp">
      <Filter>Файлы исходного кода\Gui\Window</Filter>
    </ClCompile>
    <ClCompile Include="GuiCloseButton.cpp">
      <Filter>Файлы исходного кода\Gui\Widget</Filter>
    </ClCompile>
    <ClCompile Include="GuiLabel.cpp">
      <Filter>Файлы исходного кода\Gui\Widget</Filter>
    </ClCompile>
    <ClCompile Include="GuiGraph.cpp">
      <Filter>Файлы исходного кода\Gui\Widget</Filter>
    </ClCompile>
    <ClCompile Include="Debugger.cpp">
      <Filter>Файлы исходного кода\Util</Filter>
    </ClCompile>
    <ClCompile Include="GuiScreenLoad.cpp">
      <Filter>Файлы исходного кода\Gui\Screen</Filter>
    </ClCompile>
    <ClCompile Include="Block.cpp">
      <Filter>Файлы исходного кода\Core\Block</Filter>
    </ClCompile>
    <ClCompile Include="main.cpp">
      <Filter>Файлы исходного кода</Filter>
    </ClCompile>
    <ClCompile Include="PseudoRandom.cpp">
      <Filter>Файлы исходного кода\Util</Filter>
    </ClCompile>
    <ClCompile Include="GuiTooltip.cpp">
      <Filter>Файлы исходного кода\Gui</Filter>
    </ClCompile>
    <ClCompile Include="Mod.cpp">
      <Filter>Файлы исходного кода\Core</Filter>
    </ClCompile>
    <ClCompile Include="PythonMod.cpp">
      <Filter>Файлы исходного кода\Core</Filter>
    </ClCompile>
    <ClCompile Include="StaticShader.cpp">
      <Filter>Файлы исходного кода\Shader</Filter>
    </ClCompile>
    <ClCompile Include="EntityPlayer.cpp">
      <Filter>Файлы исходного кода\Core\Entity</Filter>
    </ClCompile>
    <ClCompile Include="CommandKick.cpp">
      <Filter>Файлы исходного кода\Core\Command</Filter>
    </ClCompile>
    <ClCompile Include="P03ChatMessage.cpp">
      <Filter>Файлы исходного кода\Net\Packet</Filter>
    </ClCompile>
    <ClCompile Include="P01Ping.cpp">
      <Filter>Файлы исходного кода\Net\Packet</Filter>
    </ClCompile>
    <ClCompile Include="P02JoinWorld.cpp">
      <Filter>Файлы исходного кода\Net\Packet</Filter>
    </ClCompile>
    <ClCompile Include="Chat.cpp">
      <Filter>Файлы исходного кода\Core</Filter>
    </ClCompile>
    <ClCompile Include="KeyBindingRegistry.cpp">
      <Filter>Файлы исходного кода\Core</Filter>
    </ClCompile>
    <ClCompile Include="KeyBinding.cpp">
      <Filter>Файлы исходного кода\Core</Filter>
    </ClCompile>
    <ClCompile Include="GuiScreenPause.cpp">
      <Filter>Файлы исходного кода\Gui\Screen</Filter>
    </ClCompile>
    <ClCompile Include="P04ServerData.cpp">
      <Filter>Файлы исходного кода\Net\Packet</Filter>
    </ClCompile>
    <ClCompile Include="PlayerListEntry.cpp">
      <Filter>Файлы исходного кода\Gui\Widget</Filter>
    </ClCompile>
    <ClCompile Include="pycge.cpp">
      <Filter>Файлы исходного кода\Python</Filter>
    </ClCompile>
    <ClCompile Include="EventBus.cpp">
      <Filter>Файлы исходного кода\Core</Filter>
    </ClCompile>
    <ClCompile Include="GuiScreenChat.cpp">
      <Filter>Файлы исходного кода\Gui\Screen</Filter>
    </ClCompile>
    <ClCompile Include="EntityPlayerSP.cpp">
      <Filter>Файлы исходного кода\Core\Entity</Filter>
    </ClCompile>
    <ClCompile Include="EntityPlayerMP.cpp">
      <Filter>Файлы исходного кода\Core\Entity</Filter>
    </ClCompile>
    <ClCompile Include="i18n.cpp">
      <Filter>Файлы исходного кода\Core</Filter>
    </ClCompile>
    <ClCompile Include="TileEntity.cpp">
      <Filter>Файлы исходного кода\Core</Filter>
    </ClCompile>
    <ClCompile Include="Chunk.cpp">
      <Filter>Файлы исходного кода\Core</Filter>
    </ClCompile>
    <ClCompile Include="WorldGenerator.cpp">
      <Filter>Файлы исходного кода\Core</Filter>
    </ClCompile>
    <ClCompile Include="P05ChunkData.cpp">
      <Filter>Файлы исходного кода\Net\Packet</Filter>
    </ClCompile>
    <ClCompile Include="def.cpp">
      <Filter>Файлы исходного кода</Filter>
    </ClCompile>
    <ClCompile Include="IChunkTracker.cpp">
      <Filter>Файлы исходного кода\Core</Filter>
    </ClCompile>
    <ClCompile Include="CFont.cpp">
      <Filter>Файлы исходного кода\Core</Filter>
    </ClCompile>
    <ClCompile Include="PlayerCommandSender.cpp">
      <Filter>Файлы исходного кода\Core\Command</Filter>
    </ClCompile>
    <ClCompile Include="ChunkMesher.cpp">
      <Filter>Файлы исходного кода\Util</Filter>
    </ClCompile>
    <ClCompile Include="GuiScreenScreenshots.cpp">
      <Filter>Файлы исходного кода\Gui\Screen</Filter>
    </ClCompile>
    <ClCompile Include="P06ShowUI.cpp">
      <Filter>Файлы исходного кода\Net\Packet</Filter>
    </ClCompile>
    <ClCompile Include="CommandHelp.cpp">
      <Filter>Файлы исходного кода\Core\Command</Filter>
    </ClCompile>
    <ClCompile Include="CommandAlert.cpp">
      <Filter>Файлы исходного кода\Core\Command</Filter>
    </ClCompile>
    <ClCompile Include="P07SetBlock.cpp">
      <Filter>Файлы исходного кода\Net\Packet</Filter>
    </ClCompile>
    <ClCompile Include="ThreadUtils.cpp">
      <Filter>Файлы исходного кода\Util</Filter>
    </ClCompile>
    <ClCompile Include="PSpawnEntity.cpp">
      <Filter>Файлы исходного кода\Net\Packet</Filter>
    </ClCompile>
    <ClCompile Include="RemoteServer.cpp">
      <Filter>Файлы исходного кода\Net</Filter>
    </ClCompile>
    <ClCompile Include="CraftgameServer.cpp">
      <Filter>Файлы исходного кода\Net</Filter>
    </ClCompile>
    <ClCompile Include="NetServerHandler.cpp">
      <Filter>Файлы исходного кода\Core</Filter>
    </ClCompile>
    <ClCompile Include="PEntityMove.cpp">
      <Filter>Файлы исходного кода\Net\Packet</Filter>
    </ClCompile>
    <ClCompile Include="EntityRegistry.cpp">
      <Filter>Файлы исходного кода\Registry</Filter>
    </ClCompile>
    <ClCompile Include="PDespawnEntity.cpp">
      <Filter>Файлы исходного кода\Net\Packet</Filter>
    </ClCompile>
    <ClCompile Include="PEntityLook.cpp">
      <Filter>Файлы исходного кода\Net\Packet</Filter>
    </ClCompile>
    <ClCompile Include="PEntityAnimation.cpp">
      <Filter>Файлы исходного кода\Net\Packet</Filter>
    </ClCompile>
    <ClCompile Include="ADT.cpp">
      <Filter>Файлы исходного кода\Util</Filter>
    </ClCompile>
    <ClCompile Include="CommandTPPos.cpp">
      <Filter>Файлы исходного кода\Core\Command</Filter>
    </ClCompile>
    <ClCompile Include="GBuffer.cpp">
      <Filter>Файлы исходного кода\Util</Filter>
    </ClCompile>
    <ClCompile Include="Blocks.cpp">
      <Filter>Файлы исходного кода\Core\Block</Filter>
    </ClCompile>
    <ClCompile Include="TorchLightSource.cpp">
      <Filter>Файлы исходного кода\Core</Filter>
    </ClCompile>
    <ClCompile Include="EntityModel.cpp">
      <Filter>Файлы исходного кода\Core\Entity</Filter>
    </ClCompile>
    <ClCompile Include="Depthbuffer.cpp">
      <Filter>Файлы исходного кода\Core</Filter>
    </ClCompile>
    <ClCompile Include="Joystick.cpp">
      <Filter>Файлы исходного кода\Util</Filter>
    </ClCompile>
    <ClCompile Include="ModManager.cpp">
      <Filter>Файлы исходного кода\Core</Filter>
    </ClCompile>
    <ClCompile Include="PWorldTime.cpp">
      <Filter>Файлы исходного кода\Net\Packet</Filter>
    </ClCompile>
    <ClCompile Include="CommandTime.cpp">
      <Filter>Файлы исходного кода\Core\Command</Filter>
    </ClCompile>
    <ClCompile Include="PADTUpdate.cpp">
      <Filter>Файлы исходного кода\Net\Packet</Filter>
    </ClCompile>
    <ClCompile Include="PFlyMode.cpp">
      <Filter>Файлы исходного кода\Net\Packet</Filter>
    </ClCompile>
    <ClCompile Include="PlayerController.cpp">
      <Filter>Файлы исходного кода\Util</Filter>
    </ClCompile>
    <ClCompile Include="PAutocomplete.cpp">
      <Filter>Файлы исходного кода\Net\Packet</Filter>
    </ClCompile>
    <ClCompile Include="GuiProgressBar.cpp">
      <Filter>Файлы исходного кода\Gui\Widget</Filter>
    </ClCompile>
    <ClCompile Include="EntitySkeleton.cpp">
      <Filter>Файлы исходного кода\Core\Entity</Filter>
    </ClCompile>
    <ClCompile Include="Frustum.cpp">
      <Filter>Файлы исходного кода\Util</Filter>
    </ClCompile>
    <ClCompile Include="AABB.cpp">
      <Filter>Файлы исходного кода\Util</Filter>
    </ClCompile>
    <ClCompile Include="GuiMenu.cpp">
      <Filter>Файлы исходного кода\Gui</Filter>
    </ClCompile>
    <ClCompile Include="DirStreamProvider.cpp">
      <Filter>Файлы исходного кода\Util</Filter>
    </ClCompile>
    <ClCompile Include="BufferedStreamProvider.cpp">
      <Filter>Файлы исходного кода\Util</Filter>
    </ClCompile>
    <ClCompile Include="GuiIngameScreen.cpp">
      <Filter>Файлы исходного кода\Gui\Screen</Filter>
    </ClCompile>
    <ClCompile Include="GuiInventory.cpp">
      <Filter>Файлы исходного кода\Gui\Screen</Filter>
    </ClCompile>
    <ClCompile Include="Item.cpp">
      <Filter>Файлы исходного кода\Core\Item</Filter>
    </ClCompile>
    <ClCompile Include="ItemStack.cpp">
      <Filter>Файлы исходного кода\Core</Filter>
    </ClCompile>
    <ClCompile Include="Slot.cpp">
      <Filter>Файлы исходного кода\Core</Filter>
    </ClCompile>
    <ClCompile Include="TextureAtlas.cpp">
      <Filter>Файлы исходного кода\Util</Filter>
    </ClCompile>
    <ClCompile Include="GuiExtrusion.cpp">
      <Filter>Файлы исходного кода\Gui</Filter>
    </ClCompile>
    <ClCompile Include="GORegistry.cpp">
      <Filter>Файлы исходного кода\Registry</Filter>
    </ClCompile>
    <ClCompile Include="ModelItemRenderer.cpp">
      <Filter>Файлы исходного кода\Core</Filter>
    </ClCompile>
    <ClCompile Include="InventoryContainer.cpp">
      <Filter>Файлы исходного кода\Core</Filter>
    </ClCompile>
    <ClCompile Include="POpenInventory.cpp">
      <Filter>Файлы исходного кода\Net\Packet</Filter>
    </ClCompile>
    <ClCompile Include="PClick.cpp">
      <Filter>Файлы исходного кода\Net\Packet</Filter>
    </ClCompile>
    <ClCompile Include="TileEntityContainer.cpp">
      <Filter>Файлы исходного кода\Core\Block</Filter>
    </ClCompile>
    <ClCompile Include="PContainerData.cpp">
      <Filter>Файлы исходного кода\Net\Packet</Filter>
    </ClCompile>
    <ClCompile Include="CSInterface.cpp">
      <Filter>Файлы исходного кода\Core</Filter>
    </ClCompile>
    <ClCompile Include="PUpdateSlot.cpp">
      <Filter>Файлы исходного кода\Net\Packet</Filter>
    </ClCompile>
    <ClCompile Include="PContainerAction.cpp">
      <Filter>Файлы исходного кода\Net\Packet</Filter>
    </ClCompile>
    <ClCompile Include="EntityItem.cpp">
      <Filter>Файлы исходного кода\Core\Entity</Filter>
    </ClCompile>
    <ClCompile Include="EntityPhysics.cpp">
      <Filter>Файлы исходного кода\Core\Entity</Filter>
    </ClCompile>
    <ClCompile Include="InventoryPlayerContainer.cpp">
      <Filter>Файлы исходного кода\Core</Filter>
    </ClCompile>
    <ClCompile Include="PSound.cpp">
      <Filter>Файлы исходного кода\Net\Packet</Filter>
    </ClCompile>
    <ClCompile Include="Random.cpp">
      <Filter>Файлы исходного кода\Util</Filter>
    </ClCompile>
    <ClCompile Include="Items.cpp">
      <Filter>Файлы исходного кода\Core\Item</Filter>
    </ClCompile>
    <ClCompile Include="FbxModelItemRenderer.cpp">
      <Filter>Файлы исходного кода\Core</Filter>
    </ClCompile>
    <ClCompile Include="ItemStackAnimatable.cpp">
      <Filter>Файлы исходного кода\Core</Filter>
    </ClCompile>
    <ClCompile Include="Animatronic.cpp">
      <Filter>Файлы исходного кода\Core</Filter>
    </ClCompile>
    <ClCompile Include="PChangeSlot.cpp">
      <Filter>Файлы исходного кода\Net\Packet</Filter>
    </ClCompile>
    <ClCompile Include="CommandSetblock.cpp">
      <Filter>Файлы исходного кода\Core\Command</Filter>
    </ClCompile>
    <ClCompile Include="ItemCharging.cpp">
      <Filter>Файлы исходного кода\Core\Item</Filter>
    </ClCompile>
    <ClCompile Include="PCharging.cpp">
      <Filter>Файлы исходного кода\Net\Packet</Filter>
    </ClCompile>
    <ClCompile Include="EntityYoYo.cpp">
      <Filter>Файлы исходного кода\Core\Entity</Filter>
    </ClCompile>
    <ClCompile Include="EntityOtherPlayerMP.cpp">
      <Filter>Файлы исходного кода\Core\Entity</Filter>
    </ClCompile>
    <ClCompile Include="Packet.cpp">
      <Filter>Файлы исходного кода\Net\Packet</Filter>
    </ClCompile>
    <ClCompile Include="PItemHeld.cpp">
      <Filter>Файлы исходного кода\Net\Packet</Filter>
    </ClCompile>
    <ClCompile Include="PForce.cpp">
      <Filter>Файлы исходного кода\Net\Packet</Filter>
    </ClCompile>
    <ClCompile Include="ParticleFX.cpp">
      <Filter>Файлы исходного кода\Core\Entity</Filter>
    </ClCompile>
    <ClCompile Include="GuiScreenDirectConnect.cpp">
      <Filter>Файлы исходного кода\Gui\Screen</Filter>
    </ClCompile>
    <ClCompile Include="GuiScreenMultiplayer.cpp">
      <Filter>Файлы исходного кода\Gui\Screen</Filter>
    </ClCompile>
    <ClCompile Include="GuiScreenMM.cpp">
      <Filter>Файлы исходного кода\Gui\Screen</Filter>
    </ClCompile>
    <ClCompile Include="VAO.cpp">
      <Filter>Файлы исходного кода\Graphics</Filter>
    </ClCompile>
    <ClCompile Include="TestFX.cpp">
      <Filter>Файлы исходного кода\Core\Entity</Filter>
    </ClCompile>
    <ClCompile Include="ServerConnect.cpp">
      <Filter>Файлы исходного кода\Core</Filter>
    </ClCompile>
    <ClCompile Include="SGuiSeekBar.cpp">
      <Filter>Файлы исходного кода\Gui\Widget</Filter>
    </ClCompile>
    <ClCompile Include="GuiText.cpp">
      <Filter>Файлы исходного кода\Gui\Widget</Filter>
    </ClCompile>
    <ClCompile Include="TrailFX.cpp">
      <Filter>Файлы исходного кода\Core\Entity</Filter>
    </ClCompile>
    <ClCompile Include="CustomShader.cpp">
      <Filter>Файлы исходного кода\Shader</Filter>
    </ClCompile>
    <ClCompile Include="GuiScreenRegister.cpp">
      <Filter>Файлы исходного кода\Gui\Screen</Filter>
    </ClCompile>
    <ClCompile Include="CommandTickrate.cpp">
      <Filter>Файлы исходного кода\Core\Command</Filter>
    </ClCompile>
    <ClCompile Include="PHandshake.cpp">
      <Filter>Файлы исходного кода\Net\Packet</Filter>
    </ClCompile>
    <ClCompile Include="TexturePacker.cpp">
      <Filter>Файлы исходного кода\Util</Filter>
    </ClCompile>
    <ClCompile Include="RemoteServer2.cpp">
      <Filter>Файлы исходного кода\Net</Filter>
    </ClCompile>
    <ClCompile Include="EntityMutant.cpp">
      <Filter>Файлы исходного кода\Core\Entity</Filter>
    </ClCompile>
    <ClCompile Include="SightFX.cpp">
      <Filter>Файлы исходного кода\Core\Entity</Filter>
    </ClCompile>
    <ClCompile Include="PhysicsFX.cpp">
      <Filter>Файлы исходного кода\Core\Entity</Filter>
    </ClCompile>
    <ClCompile Include="GuiScreenSingleplayer.cpp">
      <Filter>Файлы исходного кода\Gui\Screen</Filter>
    </ClCompile>
  </ItemGroup>
  <ItemGroup>
    <ClInclude Include="resource.h">
      <Filter>Заголовочные файлы</Filter>
    </ClInclude>
    <ClInclude Include="GameEngine.h">
      <Filter>Заголовочные файлы\Core</Filter>
    </ClInclude>
    <ClInclude Include="Logger.h">
      <Filter>Заголовочные файлы\Core</Filter>
    </ClInclude>
    <ClInclude Include="global.h">
      <Filter>Заголовочные файлы</Filter>
    </ClInclude>
    <ClInclude Include="Shader.h">
      <Filter>Заголовочные файлы\Shader</Filter>
    </ClInclude>
    <ClInclude Include="Model.h">
      <Filter>Заголовочные файлы\Core</Filter>
    </ClInclude>
    <ClInclude Include="Models.h">
      <Filter>Заголовочные файлы\Core</Filter>
    </ClInclude>
    <ClInclude Include="ImageLoader.h">
      <Filter>Заголовочные файлы\Loader</Filter>
    </ClInclude>
    <ClInclude Include="BinaryInputStream.h">
      <Filter>Заголовочные файлы\Core</Filter>
    </ClInclude>
    <ClInclude Include="TextureManager.h">
      <Filter>Заголовочные файлы\Core</Filter>
    </ClInclude>
    <ClInclude Include="Res.h">
      <Filter>Заголовочные файлы\Core</Filter>
    </ClInclude>
    <ClInclude Include="FontRegistry.h">
      <Filter>Заголовочные файлы\Registry</Filter>
    </ClInclude>
    <ClInclude Include="Framebuffer.h">
      <Filter>Заголовочные файлы\Core</Filter>
    </ClInclude>
    <ClInclude Include="SecFrameBuffer.h">
      <Filter>Заголовочные файлы\Core</Filter>
    </ClInclude>
    <ClInclude Include="GuiScreen.h">
      <Filter>Заголовочные файлы\Gui\Screen</Filter>
    </ClInclude>
    <ClInclude Include="Gui.h">
      <Filter>Заголовочные файлы\Gui</Filter>
    </ClInclude>
    <ClInclude Include="GuiButton.h">
      <Filter>Заголовочные файлы\Gui\Widget</Filter>
    </ClInclude>
    <ClInclude Include="GuiScreenMainMenu.h">
      <Filter>Заголовочные файлы\Gui\Screen</Filter>
    </ClInclude>
    <ClInclude Include="GuiSeekBar.h">
      <Filter>Заголовочные файлы\Gui\Widget</Filter>
    </ClInclude>
    <ClInclude Include="File.h">
      <Filter>Заголовочные файлы\Util</Filter>
    </ClInclude>
    <ClInclude Include="Dir.h">
      <Filter>Заголовочные файлы\Util</Filter>
    </ClInclude>
    <ClInclude Include="Config.h">
      <Filter>Заголовочные файлы\Core</Filter>
    </ClInclude>
    <ClInclude Include="BinaryOutputStream.h">
      <Filter>Заголовочные файлы\Core</Filter>
    </ClInclude>
    <ClInclude Include="AdvancedModel.h">
      <Filter>Заголовочные файлы\Core</Filter>
    </ClInclude>
    <ClInclude Include="Material.h">
      <Filter>Заголовочные файлы\Core</Filter>
    </ClInclude>
    <ClInclude Include="GameRenderer.h">
      <Filter>Заголовочные файлы\Graphics</Filter>
    </ClInclude>
    <ClInclude Include="LightSource.h">
      <Filter>Заголовочные файлы\Core</Filter>
    </ClInclude>
    <ClInclude Include="Camera.h">
      <Filter>Заголовочные файлы\Core</Filter>
    </ClInclude>
    <ClInclude Include="Socket.h">
      <Filter>Заголовочные файлы\Net</Filter>
    </ClInclude>
    <ClInclude Include="Parsing.h">
      <Filter>Заголовочные файлы\Util</Filter>
    </ClInclude>
    <ClInclude Include="SkinManager.h">
      <Filter>Заголовочные файлы\Util</Filter>
    </ClInclude>
    <ClInclude Include="ThreadPool.h">
      <Filter>Заголовочные файлы\Util</Filter>
    </ClInclude>
    <ClInclude Include="AsyncQueue.h">
      <Filter>Заголовочные файлы\Util</Filter>
    </ClInclude>
    <ClInclude Include="GuiScreenSettings.h">
      <Filter>Заголовочные файлы\Gui\Screen</Filter>
    </ClInclude>
    <ClInclude Include="Keyboard.h">
      <Filter>Заголовочные файлы\Util</Filter>
    </ClInclude>
    <ClInclude Include="GuiList.h">
      <Filter>Заголовочные файлы\Gui\Widget</Filter>
    </ClInclude>
    <ClInclude Include="GuiTabButton.h">
      <Filter>Заголовочные файлы\Gui\Widget</Filter>
    </ClInclude>
    <ClInclude Include="GuiContainer.h">
      <Filter>Заголовочные файлы\Gui</Filter>
    </ClInclude>
    <ClInclude Include="GuiScreenDialog.h">
      <Filter>Заголовочные файлы\Gui\Screen</Filter>
    </ClInclude>
    <ClInclude Include="AnimationOpen.h">
      <Filter>Заголовочные файлы\Gui\Animation</Filter>
    </ClInclude>
    <ClInclude Include="MaskFramebuffer.h">
      <Filter>Заголовочные файлы\Core</Filter>
    </ClInclude>
    <ClInclude Include="AnimationFade.h">
      <Filter>Заголовочные файлы\Gui\Animation</Filter>
    </ClInclude>
    <ClInclude Include="Animation.h">
      <Filter>Заголовочные файлы\Gui\Animation</Filter>
    </ClInclude>
    <ClInclude Include="GuiSwitch.h">
      <Filter>Заголовочные файлы\Gui\Widget</Filter>
    </ClInclude>
    <ClInclude Include="GuiTextField.h">
      <Filter>Заголовочные файлы\Gui\Widget</Filter>
    </ClInclude>
    <ClInclude Include="Clipboard.h">
      <Filter>Заголовочные файлы\Util</Filter>
    </ClInclude>
    <ClInclude Include="GuiScreenMessageDialog.h">
      <Filter>Заголовочные файлы\Gui\Screen</Filter>
    </ClInclude>
    <ClInclude Include="AnimationDialog.h">
      <Filter>Заголовочные файлы\Gui\Animation</Filter>
    </ClInclude>
    <ClInclude Include="BitBuffer.h">
      <Filter>Заголовочные файлы\Util</Filter>
    </ClInclude>
    <ClInclude Include="Utils.h">
      <Filter>Заголовочные файлы\Util</Filter>
    </ClInclude>
    <ClInclude Include="BlurShader.h">
      <Filter>Заголовочные файлы\Shader</Filter>
    </ClInclude>
    <ClInclude Include="Packet.h">
      <Filter>Заголовочные файлы\Net\Packet</Filter>
    </ClInclude>
    <ClInclude Include="ByteBuffer.h">
      <Filter>Заголовочные файлы\Util</Filter>
    </ClInclude>
    <ClInclude Include="GameProfile.h">
      <Filter>Заголовочные файлы\Core</Filter>
    </ClInclude>
    <ClInclude Include="Exceptions.h">
      <Filter>Заголовочные файлы\Exception</Filter>
    </ClInclude>
    <ClInclude Include="MaterialRegistry.h">
      <Filter>Заголовочные файлы\Registry</Filter>
    </ClInclude>
    <ClInclude Include="ModelRegistry.h">
      <Filter>Заголовочные файлы\Registry</Filter>
    </ClInclude>
    <ClInclude Include="PacketRegistry.h">
      <Filter>Заголовочные файлы\Registry</Filter>
    </ClInclude>
    <ClInclude Include="EntityPlayerMP.h">
      <Filter>Заголовочные файлы\Core\Entity</Filter>
    </ClInclude>
    <ClInclude Include="Entity.h">
      <Filter>Заголовочные файлы\Core\Entity</Filter>
    </ClInclude>
    <ClInclude Include="World.h">
      <Filter>Заголовочные файлы\Core</Filter>
    </ClInclude>
    <ClInclude Include="EntityPlayer.h">
      <Filter>Заголовочные файлы\Core\Entity</Filter>
    </ClInclude>
    <ClInclude Include="AsyncVector.h">
      <Filter>Заголовочные файлы\Util</Filter>
    </ClInclude>
    <ClInclude Include="NetPlayerHandler.h">
      <Filter>Заголовочные файлы\Core</Filter>
    </ClInclude>
    <ClInclude Include="SoundManager.h">
      <Filter>Заголовочные файлы\Core</Filter>
    </ClInclude>
    <ClInclude Include="Command.h">
      <Filter>Заголовочные файлы\Core\Command</Filter>
    </ClInclude>
    <ClInclude Include="CommandSender.h">
      <Filter>Заголовочные файлы\Core\Command</Filter>
    </ClInclude>
    <ClInclude Include="CommandList.h">
      <Filter>Заголовочные файлы\Core\Command</Filter>
    </ClInclude>
    <ClInclude Include="ConsoleCommandSender.h">
      <Filter>Заголовочные файлы\Core\Command</Filter>
    </ClInclude>
    <ClInclude Include="CommandRegistry.h">
      <Filter>Заголовочные файлы\Registry</Filter>
    </ClInclude>
    <ClInclude Include="CraftgameException.h">
      <Filter>Заголовочные файлы\Util</Filter>
    </ClInclude>
    <ClInclude Include="OS.h">
      <Filter>Заголовочные файлы\Util</Filter>
    </ClInclude>
    <ClInclude Include="CommandStop.h">
      <Filter>Заголовочные файлы\Core\Command</Filter>
    </ClInclude>
    <ClInclude Include="GuiWindow.h">
      <Filter>Заголовочные файлы\Gui\Window</Filter>
    </ClInclude>
    <ClInclude Include="GuiWindowDebug.h">
      <Filter>Заголовочные файлы\Gui\Window</Filter>
    </ClInclude>
    <ClInclude Include="GuiCloseButton.h">
      <Filter>Заголовочные файлы\Gui\Widget</Filter>
    </ClInclude>
    <ClInclude Include="GuiLabel.h">
      <Filter>Заголовочные файлы\Gui\Widget</Filter>
    </ClInclude>
    <ClInclude Include="GuiGraph.h">
      <Filter>Заголовочные файлы\Gui\Widget</Filter>
    </ClInclude>
    <ClInclude Include="Debugger.h">
      <Filter>Заголовочные файлы\Util</Filter>
    </ClInclude>
    <ClInclude Include="GuiScreenLoad.h">
      <Filter>Заголовочные файлы\Gui\Screen</Filter>
    </ClInclude>
    <ClInclude Include="Block.h">
      <Filter>Заголовочные файлы\Core\Block</Filter>
    </ClInclude>
    <ClInclude Include="PseudoRandom.h">
      <Filter>Заголовочные файлы\Util</Filter>
    </ClInclude>
    <ClInclude Include="GuiTooltip.h">
      <Filter>Заголовочные файлы\Gui</Filter>
    </ClInclude>
    <ClInclude Include="Mod.h">
      <Filter>Заголовочные файлы\Core</Filter>
    </ClInclude>
    <ClInclude Include="PythonMod.h">
      <Filter>Заголовочные файлы\Core</Filter>
    </ClInclude>
    <ClInclude Include="i18n.h">
      <Filter>Заголовочные файлы\Core</Filter>
    </ClInclude>
    <ClInclude Include="StaticShader.h">
      <Filter>Заголовочные файлы\Shader</Filter>
    </ClInclude>
    <ClInclude Include="EntitySkeleton.h">
      <Filter>Заголовочные файлы\Core\Entity</Filter>
    </ClInclude>
    <ClInclude Include="CommandKick.h">
      <Filter>Заголовочные файлы\Core\Command</Filter>
    </ClInclude>
    <ClInclude Include="Chat.h">
      <Filter>Заголовочные файлы\Core</Filter>
    </ClInclude>
    <ClInclude Include="P03ChatMessage.h">
      <Filter>Заголовочные файлы\Net\Packet</Filter>
    </ClInclude>
    <ClInclude Include="P00Disconnected.h">
      <Filter>Заголовочные файлы\Net\Packet</Filter>
    </ClInclude>
    <ClInclude Include="P01Ping.h">
      <Filter>Заголовочные файлы\Net\Packet</Filter>
    </ClInclude>
    <ClInclude Include="P02JoinWorld.h">
      <Filter>Заголовочные файлы\Net\Packet</Filter>
    </ClInclude>
    <ClInclude Include="KeyBinding.h">
      <Filter>Заголовочные файлы\Core</Filter>
    </ClInclude>
    <ClInclude Include="KeyBindingRegistry.h">
      <Filter>Заголовочные файлы\Core</Filter>
    </ClInclude>
    <ClInclude Include="EventBus.h">
      <Filter>Заголовочные файлы\Core</Filter>
    </ClInclude>
    <ClInclude Include="GuiScreenChat.h">
      <Filter>Заголовочные файлы\Gui\Screen</Filter>
    </ClInclude>
    <ClInclude Include="GuiScreenPause.h">
      <Filter>Заголовочные файлы\Gui\Screen</Filter>
    </ClInclude>
    <ClInclude Include="P04ServerData.h">
      <Filter>Заголовочные файлы\Net\Packet</Filter>
    </ClInclude>
    <ClInclude Include="PlayerListEntry.h">
      <Filter>Заголовочные файлы\Gui\Widget</Filter>
    </ClInclude>
    <ClInclude Include="pylogger.h">
      <Filter>Заголовочные файлы\Python</Filter>
    </ClInclude>
    <ClInclude Include="Pyhook.h">
      <Filter>Заголовочные файлы\Python</Filter>
    </ClInclude>
    <ClInclude Include="pycge.h">
      <Filter>Заголовочные файлы\Python</Filter>
    </ClInclude>
    <ClInclude Include="ModManager.h">
      <Filter>Заголовочные файлы\Core</Filter>
    </ClInclude>
    <ClInclude Include="EntityPlayerSP.h">
      <Filter>Заголовочные файлы\Core\Entity</Filter>
    </ClInclude>
    <ClInclude Include="P05ChunkData.h">
      <Filter>Заголовочные файлы\Net\Packet</Filter>
    </ClInclude>
    <ClInclude Include="Chunk.h">
      <Filter>Заголовочные файлы\Core</Filter>
    </ClInclude>
    <ClInclude Include="def.h">
      <Filter>Заголовочные файлы</Filter>
    </ClInclude>
    <ClInclude Include="WorldGenerator.h">
      <Filter>Заголовочные файлы</Filter>
    </ClInclude>
    <ClInclude Include="IChunkTracker.h">
      <Filter>Заголовочные файлы</Filter>
    </ClInclude>
    <ClInclude Include="CFont.h">
      <Filter>Заголовочные файлы\Core</Filter>
    </ClInclude>
    <ClInclude Include="PlayerCommandSender.h">
      <Filter>Заголовочные файлы\Core\Command</Filter>
    </ClInclude>
    <ClInclude Include="ChunkMesher.h">
      <Filter>Заголовочные файлы\Util</Filter>
    </ClInclude>
    <ClInclude Include="easter_messages.h">
      <Filter>Заголовочные файлы</Filter>
    </ClInclude>
    <ClInclude Include="GuiScreenScreenshots.h">
      <Filter>Заголовочные файлы\Gui\Screen</Filter>
    </ClInclude>
    <ClInclude Include="AnimationRotate.h">
      <Filter>Заголовочные файлы\Gui\Animation</Filter>
    </ClInclude>
    <ClInclude Include="ThreadUtils.h">
      <Filter>Заголовочные файлы\Util</Filter>
    </ClInclude>
    <ClInclude Include="colors.h">
      <Filter>Заголовочные файлы</Filter>
    </ClInclude>
    <ClInclude Include="P06ShowUI.h">
      <Filter>Заголовочные файлы\Net\Packet</Filter>
    </ClInclude>
    <ClInclude Include="CommandHelp.h">
      <Filter>Заголовочные файлы\Core\Command</Filter>
    </ClInclude>
    <ClInclude Include="CommandAlert.h">
      <Filter>Заголовочные файлы\Core\Command</Filter>
    </ClInclude>
    <ClInclude Include="P07SetBlock.h">
      <Filter>Заголовочные файлы\Net\Packet</Filter>
    </ClInclude>
    <ClInclude Include="PSpawnEntity.h">
      <Filter>Заголовочные файлы\Net\Packet</Filter>
    </ClInclude>
    <ClInclude Include="Instancer.h">
      <Filter>Заголовочные файлы\Util</Filter>
    </ClInclude>
    <ClInclude Include="IDrawable.h">
      <Filter>Заголовочные файлы\Gui</Filter>
    </ClInclude>
    <ClInclude Include="IServer.h">
      <Filter>Заголовочные файлы\Net</Filter>
    </ClInclude>
    <ClInclude Include="RemoteServer.h">
      <Filter>Заголовочные файлы\Net</Filter>
    </ClInclude>
    <ClInclude Include="CraftgameServer.h">
      <Filter>Заголовочные файлы\Net</Filter>
    </ClInclude>
    <ClInclude Include="NetServerHandler.h">
      <Filter>Заголовочные файлы\Core</Filter>
    </ClInclude>
    <ClInclude Include="PEntityMove.h">
      <Filter>Заголовочные файлы\Net\Packet</Filter>
    </ClInclude>
    <ClInclude Include="EntityRegistry.h">
      <Filter>Заголовочные файлы\Registry</Filter>
    </ClInclude>
    <ClInclude Include="PDespawnEntity.h">
      <Filter>Заголовочные файлы\Net\Packet</Filter>
    </ClInclude>
    <ClInclude Include="PEntityLook.h">
      <Filter>Заголовочные файлы\Net\Packet</Filter>
    </ClInclude>
    <ClInclude Include="AABB.h">
      <Filter>Заголовочные файлы\Util</Filter>
    </ClInclude>
    <ClInclude Include="PEntityAnimation.h">
      <Filter>Заголовочные файлы\Net\Packet</Filter>
    </ClInclude>
    <ClInclude Include="ADT.h">
      <Filter>Заголовочные файлы\Util</Filter>
    </ClInclude>
    <ClInclude Include="SolidBlock.h">
      <Filter>Заголовочные файлы\Core\Block</Filter>
    </ClInclude>
    <ClInclude Include="CommandTPPos.h">
      <Filter>Заголовочные файлы\Core\Command</Filter>
    </ClInclude>
    <ClInclude Include="GBuffer.h">
      <Filter>Заголовочные файлы\Util</Filter>
    </ClInclude>
    <ClInclude Include="Blocks.h">
      <Filter>Заголовочные файлы\Core\Block</Filter>
    </ClInclude>
    <ClInclude Include="TorchLightSource.h">
      <Filter>Заголовочные файлы\Core</Filter>
    </ClInclude>
    <ClInclude Include="EntityModel.h">
      <Filter>Заголовочные файлы\Core\Entity</Filter>
    </ClInclude>
    <ClInclude Include="Depthbuffer.h">
      <Filter>Заголовочные файлы\Core</Filter>
    </ClInclude>
    <ClInclude Include="Joystick.h">
      <Filter>Заголовочные файлы\Util</Filter>
    </ClInclude>
    <ClInclude Include="build.h">
      <Filter>Заголовочные файлы</Filter>
    </ClInclude>
    <ClInclude Include="PWorldTime.h">
      <Filter>Заголовочные файлы\Net\Packet</Filter>
    </ClInclude>
    <ClInclude Include="CommandTime.h">
      <Filter>Заголовочные файлы\Core\Command</Filter>
    </ClInclude>
    <ClInclude Include="PADTUpdate.h">
      <Filter>Заголовочные файлы\Net\Packet</Filter>
    </ClInclude>
    <ClInclude Include="PFlyMode.h">
      <Filter>Заголовочные файлы\Net\Packet</Filter>
    </ClInclude>
    <ClInclude Include="PlayerController.h">
      <Filter>Заголовочные файлы\Util</Filter>
    </ClInclude>
    <ClInclude Include="PAutocomplete.h">
      <Filter>Заголовочные файлы\Net\Packet</Filter>
    </ClInclude>
    <ClInclude Include="GuiProgressBar.h">
      <Filter>Заголовочные файлы\Gui\Widget</Filter>
    </ClInclude>
    <ClInclude Include="TileEntity.h">
      <Filter>Заголовочные файлы\Core</Filter>
    </ClInclude>
    <ClInclude Include="Frustum.h">
      <Filter>Заголовочные файлы\Util</Filter>
    </ClInclude>
    <ClInclude Include="GuiMenu.h">
      <Filter>Заголовочные файлы\Gui</Filter>
    </ClInclude>
    <ClInclude Include="BlockCustomRender.h">
      <Filter>Заголовочные файлы\Core\Block</Filter>
    </ClInclude>
    <ClInclude Include="DirStreamProvider.h">
      <Filter>Заголовочные файлы\Util</Filter>
    </ClInclude>
    <ClInclude Include="BufferedStreamProvider.h">
      <Filter>Заголовочные файлы\Util</Filter>
    </ClInclude>
    <ClInclude Include="GuiInventory.h">
      <Filter>Заголовочные файлы\Gui\Screen</Filter>
    </ClInclude>
    <ClInclude Include="GuiIngameScreen.h">
      <Filter>Заголовочные файлы\Gui\Screen</Filter>
    </ClInclude>
    <ClInclude Include="Slot.h">
      <Filter>Заголовочные файлы\Core</Filter>
    </ClInclude>
    <ClInclude Include="ItemStack.h">
      <Filter>Заголовочные файлы\Core</Filter>
    </ClInclude>
    <ClInclude Include="Item.h">
      <Filter>Заголовочные файлы\Core\Item</Filter>
    </ClInclude>
    <ClInclude Include="InventoryContainer.h">
      <Filter>Заголовочные файлы\Core</Filter>
    </ClInclude>
    <ClInclude Include="GuiExtrusion.h">
      <Filter>Заголовочные файлы\Gui</Filter>
    </ClInclude>
    <ClInclude Include="TextureAtlas.h">
      <Filter>Заголовочные файлы\Util</Filter>
    </ClInclude>
    <ClInclude Include="IItemRenderer.h">
      <Filter>Заголовочные файлы\Core</Filter>
    </ClInclude>
    <ClInclude Include="GORegistry.h">
      <Filter>Заголовочные файлы\Registry</Filter>
    </ClInclude>
    <ClInclude Include="ModelItemRenderer.h">
      <Filter>Заголовочные файлы\Core</Filter>
    </ClInclude>
    <ClInclude Include="POpenInventory.h">
      <Filter>Заголовочные файлы\Net\Packet</Filter>
    </ClInclude>
    <ClInclude Include="PClick.h">
      <Filter>Заголовочные файлы\Net\Packet</Filter>
    </ClInclude>
    <ClInclude Include="TileEntityContainer.h">
      <Filter>Заголовочные файлы\Core\Block</Filter>
    </ClInclude>
    <ClInclude Include="PContainerData.h">
      <Filter>Заголовочные файлы\Net\Packet</Filter>
    </ClInclude>
    <ClInclude Include="CSInterface.h">
      <Filter>Заголовочные файлы\Core</Filter>
    </ClInclude>
    <ClInclude Include="PUpdateSlot.h">
      <Filter>Заголовочные файлы\Net\Packet</Filter>
    </ClInclude>
    <ClInclude Include="PContainerAction.h">
      <Filter>Заголовочные файлы\Net\Packet</Filter>
    </ClInclude>
    <ClInclude Include="EntityItem.h">
      <Filter>Заголовочные файлы\Core\Entity</Filter>
    </ClInclude>
    <ClInclude Include="EntityPhysics.h">
      <Filter>Заголовочные файлы\Core\Entity</Filter>
    </ClInclude>
    <ClInclude Include="InventoryPlayerContainer.h">
      <Filter>Заголовочные файлы\Core</Filter>
    </ClInclude>
    <ClInclude Include="PSound.h">
      <Filter>Заголовочные файлы\Net\Packet</Filter>
    </ClInclude>
    <ClInclude Include="Random.h">
      <Filter>Заголовочные файлы\Util</Filter>
    </ClInclude>
    <ClInclude Include="Items.h">
      <Filter>Заголовочные файлы\Core\Item</Filter>
    </ClInclude>
    <ClInclude Include="FbxModelItemRenderer.h">
      <Filter>Заголовочные файлы\Core</Filter>
    </ClInclude>
    <ClInclude Include="IAnimatable.h">
      <Filter>Заголовочные файлы\Core</Filter>
    </ClInclude>
    <ClInclude Include="ItemStackAnimatable.h">
      <Filter>Заголовочные файлы\Core</Filter>
    </ClInclude>
    <ClInclude Include="ItemAnimator.h">
      <Filter>Заголовочные файлы\Core</Filter>
    </ClInclude>
    <ClInclude Include="Animatronic.h">
      <Filter>Заголовочные файлы\Core</Filter>
    </ClInclude>
    <ClInclude Include="PChangeSlot.h">
      <Filter>Заголовочные файлы\Net\Packet</Filter>
    </ClInclude>
    <ClInclude Include="CommandSetblock.h">
      <Filter>Заголовочные файлы\Core\Command</Filter>
    </ClInclude>
    <ClInclude Include="ItemCharging.h">
      <Filter>Заголовочные файлы\Core\Item</Filter>
    </ClInclude>
    <ClInclude Include="PCharging.h">
      <Filter>Заголовочные файлы\Net\Packet</Filter>
    </ClInclude>
    <ClInclude Include="EntityYoYo.h">
      <Filter>Заголовочные файлы\Core\Entity</Filter>
    </ClInclude>
    <ClInclude Include="EntityOtherPlayerMP.h">
      <Filter>Заголовочные файлы\Core\Entity</Filter>
    </ClInclude>
    <ClInclude Include="PItemHeld.h">
      <Filter>Заголовочные файлы\Net\Packet</Filter>
    </ClInclude>
    <ClInclude Include="PForce.h">
      <Filter>Заголовочные файлы\Net\Packet</Filter>
    </ClInclude>
    <ClInclude Include="ParticleFX.h">
      <Filter>Заголовочные файлы\Core\Entity</Filter>
    </ClInclude>
    <ClInclude Include="TestFX.h">
      <Filter>Заголовочные файлы\Core\Entity</Filter>
    </ClInclude>
    <ClInclude Include="GuiScreenDirectConnect.h">
      <Filter>Заголовочные файлы\Gui\Screen</Filter>
    </ClInclude>
    <ClInclude Include="GuiScreenMultiplayer.h">
      <Filter>Заголовочные файлы\Gui\Screen</Filter>
    </ClInclude>
    <ClInclude Include="GuiScreenMM.h">
      <Filter>Заголовочные файлы\Gui\Screen</Filter>
    </ClInclude>
    <ClInclude Include="VAOHelper.h">
      <Filter>Заголовочные файлы\Graphics</Filter>
    </ClInclude>
    <ClInclude Include="VAO.h">
      <Filter>Заголовочные файлы\Graphics</Filter>
    </ClInclude>
    <ClInclude Include="ServerConnect.h">
      <Filter>Заголовочные файлы\Core</Filter>
    </ClInclude>
    <ClInclude Include="SGuiSeekBar.h">
      <Filter>Заголовочные файлы\Gui</Filter>
    </ClInclude>
    <ClInclude Include="GuiText.h">
      <Filter>Заголовочные файлы\Gui\Widget</Filter>
    </ClInclude>
    <ClInclude Include="StandartFX.h">
      <Filter>Заголовочные файлы\Core\Entity</Filter>
    </ClInclude>
    <ClInclude Include="TrailFX.h">
      <Filter>Заголовочные файлы\Core\Entity</Filter>
    </ClInclude>
    <ClInclude Include="CustomFX.h">
      <Filter>Заголовочные файлы\Core\Entity</Filter>
    </ClInclude>
    <ClInclude Include="CustomShader.h">
      <Filter>Заголовочные файлы\Shader</Filter>
    </ClInclude>
    <ClInclude Include="GuiScreenRegister.h">
      <Filter>Заголовочные файлы\Gui\Screen</Filter>
    </ClInclude>
    <ClInclude Include="CommandTickrate.h">
      <Filter>Заголовочные файлы\Core\Command</Filter>
    </ClInclude>
    <ClInclude Include="PHandshake.h">
      <Filter>Заголовочные файлы\Net\Packet</Filter>
    </ClInclude>
    <ClInclude Include="Smoother.h">
      <Filter>Заголовочные файлы\Util</Filter>
    </ClInclude>
    <ClInclude Include="TexturePacker.h">
      <Filter>Заголовочные файлы\Util</Filter>
    </ClInclude>
    <ClInclude Include="GLTexture.h">
      <Filter>Заголовочные файлы\Util</Filter>
    </ClInclude>
    <ClInclude Include="EntityMutant.h">
      <Filter>Заголовочные файлы\Core\Entity</Filter>
    </ClInclude>
    <ClInclude Include="SightFX.h">
      <Filter>Заголовочные файлы\Core\Entity</Filter>
    </ClInclude>
    <ClInclude Include="PhysicsFX.h">
      <Filter>Заголовочные файлы\Core\Entity</Filter>
    </ClInclude>
    <ClInclude Include="GuiScreenSingleplayer.h">
      <Filter>Заголовочные файлы\Gui\Screen</Filter>
    </ClInclude>
  </ItemGroup>
  <ItemGroup>
    <ResourceCompile Include="Resource.rc">
      <Filter>Файлы ресурсов</Filter>
    </ResourceCompile>
  </ItemGroup>
  <ItemGroup>
    <Image Include="icon1.ico">
      <Filter>Файлы ресурсов</Filter>
    </Image>
  </ItemGroup>
  <ItemGroup>
    <None Include="res\glsl\guiF.glsl">
      <Filter>Файлы ресурсов</Filter>
    </None>
    <None Include="res\glsl\guiV.glsl">
      <Filter>Файлы ресурсов</Filter>
    </None>
    <None Include="res\glsl\blurF.glsl">
      <Filter>Файлы ресурсов</Filter>
    </None>
    <None Include="res\glsl\blurV.glsl">
      <Filter>Файлы ресурсов</Filter>
    </None>
    <None Include="res\glsl\staticF.glsl">
      <Filter>Файлы ресурсов</Filter>
    </None>
    <None Include="res\glsl\staticV.glsl">
      <Filter>Файлы ресурсов</Filter>
    </None>
    <None Include="res\glsl\maskF.glsl">
      <Filter>Файлы ресурсов</Filter>
    </None>
    <None Include="res\glsl\maskV.glsl">
      <Filter>Файлы ресурсов</Filter>
    </None>
    <None Include="res\glsl\skeletonV.glsl">
      <Filter>Файлы ресурсов</Filter>
    </None>
    <None Include="res\glsl\gbufferF.glsl">
      <Filter>Файлы ресурсов</Filter>
    </None>
    <None Include="res\glsl\gbufferV.glsl">
      <Filter>Файлы ресурсов</Filter>
    </None>
    <None Include="res\glsl\gpostF.glsl">
      <Filter>Файлы ресурсов</Filter>
    </None>
    <None Include="res\lang\en_US.lang">
      <Filter>Файлы ресурсов</Filter>
    </None>
    <None Include="res\glsl\starV.glsl">
      <Filter>Файлы ресурсов</Filter>
    </None>
    <None Include="res\glsl\starF.glsl">
      <Filter>Файлы ресурсов</Filter>
    </None>
    <None Include="res\glsl\particleF.glsl">
      <Filter>Файлы ресурсов</Filter>
    </None>
    <None Include="res\glsl\particleV.glsl">
      <Filter>Файлы ресурсов</Filter>
    </None>
    <None Include="res\glsl\particle2V.glsl">
      <Filter>Файлы ресурсов</Filter>
    </None>
    <None Include="res\glsl\shadowG.glsl">
      <Filter>Файлы ресурсов</Filter>
    </None>
  </ItemGroup>
  <ItemGroup>
    <Manifest Include="Craftgame.exe.manifest">
      <Filter>Файлы ресурсов</Filter>
    </Manifest>
  </ItemGroup>
</Project>